// !$*UTF8*$!
{
	archiveVersion = 1;
	classes = {
	};
	objectVersion = 56;
	objects = {

/* Begin PBXBuildFile section */
		3698401F2A7C0128009586A7 /* AtYarisi2App.swift in Sources */ = {isa = PBXBuildFile; fileRef = 3698401E2A7C0128009586A7 /* AtYarisi2App.swift */; };
		369840212A7C0128009586A7 /* ContentView.swift in Sources */ = {isa = PBXBuildFile; fileRef = 369840202A7C0128009586A7 /* ContentView.swift */; };
		369840232A7C012A009586A7 /* Assets.xcassets in Resources */ = {isa = PBXBuildFile; fileRef = 369840222A7C012A009586A7 /* Assets.xcassets */; };
		369840262A7C012A009586A7 /* Preview Assets.xcassets in Resources */ = {isa = PBXBuildFile; fileRef = 369840252A7C012A009586A7 /* Preview Assets.xcassets */; };
		369840302A7C012A009586A7 /* AtYarisi2Tests.swift in Sources */ = {isa = PBXBuildFile; fileRef = 3698402F2A7C012A009586A7 /* AtYarisi2Tests.swift */; };
		3698403A2A7C012A009586A7 /* AtYarisi2UITests.swift in Sources */ = {isa = PBXBuildFile; fileRef = 369840392A7C012A009586A7 /* AtYarisi2UITests.swift */; };
		3698403C2A7C012A009586A7 /* AtYarisi2UITestsLaunchTests.swift in Sources */ = {isa = PBXBuildFile; fileRef = 3698403B2A7C012A009586A7 /* AtYarisi2UITestsLaunchTests.swift */; };
/* End PBXBuildFile section */

/* Begin PBXContainerItemProxy section */
		3698402C2A7C012A009586A7 /* PBXContainerItemProxy */ = {
			isa = PBXContainerItemProxy;
			containerPortal = 369840132A7C0128009586A7 /* Project object */;
			proxyType = 1;
			remoteGlobalIDString = 3698401A2A7C0128009586A7;
			remoteInfo = AtYarisi2;
		};
		369840362A7C012A009586A7 /* PBXContainerItemProxy */ = {
			isa = PBXContainerItemProxy;
			containerPortal = 369840132A7C0128009586A7 /* Project object */;
			proxyType = 1;
			remoteGlobalIDString = 3698401A2A7C0128009586A7;
			remoteInfo = AtYarisi2;
		};
/* End PBXContainerItemProxy section */

/* Begin PBXFileReference section */
		3698401B2A7C0128009586A7 /* AtYarisi2.app */ = {isa = PBXFileReference; explicitFileType = wrapper.application; includeInIndex = 0; path = AtYarisi2.app; sourceTree = BUILT_PRODUCTS_DIR; };
		3698401E2A7C0128009586A7 /* AtYarisi2App.swift */ = {isa = PBXFileReference; lastKnownFileType = sourcecode.swift; path = AtYarisi2App.swift; sourceTree = "<group>"; };
		369840202A7C0128009586A7 /* ContentView.swift */ = {isa = PBXFileReference; lastKnownFileType = sourcecode.swift; path = ContentView.swift; sourceTree = "<group>"; };
		369840222A7C012A009586A7 /* Assets.xcassets */ = {isa = PBXFileReference; lastKnownFileType = folder.assetcatalog; path = Assets.xcassets; sourceTree = "<group>"; };
		369840252A7C012A009586A7 /* Preview Assets.xcassets */ = {isa = PBXFileReference; lastKnownFileType = folder.assetcatalog; path = "Preview Assets.xcassets"; sourceTree = "<group>"; };
		3698402B2A7C012A009586A7 /* AtYarisi2Tests.xctest */ = {isa = PBXFileReference; explicitFileType = wrapper.cfbundle; includeInIndex = 0; path = AtYarisi2Tests.xctest; sourceTree = BUILT_PRODUCTS_DIR; };
		3698402F2A7C012A009586A7 /* AtYarisi2Tests.swift */ = {isa = PBXFileReference; lastKnownFileType = sourcecode.swift; path = AtYarisi2Tests.swift; sourceTree = "<group>"; };
		369840352A7C012A009586A7 /* AtYarisi2UITests.xctest */ = {isa = PBXFileReference; explicitFileType = wrapper.cfbundle; includeInIndex = 0; path = AtYarisi2UITests.xctest; sourceTree = BUILT_PRODUCTS_DIR; };
		369840392A7C012A009586A7 /* AtYarisi2UITests.swift */ = {isa = PBXFileReference; lastKnownFileType = sourcecode.swift; path = AtYarisi2UITests.swift; sourceTree = "<group>"; };
		3698403B2A7C012A009586A7 /* AtYarisi2UITestsLaunchTests.swift */ = {isa = PBXFileReference; lastKnownFileType = sourcecode.swift; path = AtYarisi2UITestsLaunchTests.swift; sourceTree = "<group>"; };
/* End PBXFileReference section */

/* Begin PBXFrameworksBuildPhase section */
		369840182A7C0128009586A7 /* Frameworks */ = {
			isa = PBXFrameworksBuildPhase;
			buildActionMask = 2147483647;
			files = (
			);
			runOnlyForDeploymentPostprocessing = 0;
		};
		369840282A7C012A009586A7 /* Frameworks */ = {
			isa = PBXFrameworksBuildPhase;
			buildActionMask = 2147483647;
			files = (
			);
			runOnlyForDeploymentPostprocessing = 0;
		};
		369840322A7C012A009586A7 /* Frameworks */ = {
			isa = PBXFrameworksBuildPhase;
			buildActionMask = 2147483647;
			files = (
			);
			runOnlyForDeploymentPostprocessing = 0;
		};
/* End PBXFrameworksBuildPhase section */

/* Begin PBXGroup section */
		369840122A7C0128009586A7 = {
			isa = PBXGroup;
			children = (
				3698401D2A7C0128009586A7 /* AtYarisi2 */,
				3698402E2A7C012A009586A7 /* AtYarisi2Tests */,
				369840382A7C012A009586A7 /* AtYarisi2UITests */,
				3698401C2A7C0128009586A7 /* Products */,
			);
			sourceTree = "<group>";
		};
		3698401C2A7C0128009586A7 /* Products */ = {
			isa = PBXGroup;
			children = (
				3698401B2A7C0128009586A7 /* AtYarisi2.app */,
				3698402B2A7C012A009586A7 /* AtYarisi2Tests.xctest */,
				369840352A7C012A009586A7 /* AtYarisi2UITests.xctest */,
			);
			name = Products;
			sourceTree = "<group>";
		};
		3698401D2A7C0128009586A7 /* AtYarisi2 */ = {
			isa = PBXGroup;
			children = (
				3698401E2A7C0128009586A7 /* AtYarisi2App.swift */,
				369840202A7C0128009586A7 /* ContentView.swift */,
				369840222A7C012A009586A7 /* Assets.xcassets */,
				369840242A7C012A009586A7 /* Preview Content */,
			);
			path = AtYarisi2;
			sourceTree = "<group>";
		};
		369840242A7C012A009586A7 /* Preview Content */ = {
			isa = PBXGroup;
			children = (
				369840252A7C012A009586A7 /* Preview Assets.xcassets */,
			);
			path = "Preview Content";
			sourceTree = "<group>";
		};
		3698402E2A7C012A009586A7 /* AtYarisi2Tests */ = {
			isa = PBXGroup;
			children = (
				3698402F2A7C012A009586A7 /* AtYarisi2Tests.swift */,
			);
			path = AtYarisi2Tests;
			sourceTree = "<group>";
		};
		369840382A7C012A009586A7 /* AtYarisi2UITests */ = {
			isa = PBXGroup;
			children = (
				369840392A7C012A009586A7 /* AtYarisi2UITests.swift */,
				3698403B2A7C012A009586A7 /* AtYarisi2UITestsLaunchTests.swift */,
			);
			path = AtYarisi2UITests;
			sourceTree = "<group>";
		};
/* End PBXGroup section */

/* Begin PBXNativeTarget section */
		3698401A2A7C0128009586A7 /* AtYarisi2 */ = {
			isa = PBXNativeTarget;
			buildConfigurationList = 3698403F2A7C012A009586A7 /* Build configuration list for PBXNativeTarget "AtYarisi2" */;
			buildPhases = (
				369840172A7C0128009586A7 /* Sources */,
				369840182A7C0128009586A7 /* Frameworks */,
				369840192A7C0128009586A7 /* Resources */,
			);
			buildRules = (
			);
			dependencies = (
			);
			name = AtYarisi2;
			productName = AtYarisi2;
			productReference = 3698401B2A7C0128009586A7 /* AtYarisi2.app */;
			productType = "com.apple.product-type.application";
		};
		3698402A2A7C012A009586A7 /* AtYarisi2Tests */ = {
			isa = PBXNativeTarget;
			buildConfigurationList = 369840422A7C012A009586A7 /* Build configuration list for PBXNativeTarget "AtYarisi2Tests" */;
			buildPhases = (
				369840272A7C012A009586A7 /* Sources */,
				369840282A7C012A009586A7 /* Frameworks */,
				369840292A7C012A009586A7 /* Resources */,
			);
			buildRules = (
			);
			dependencies = (
				3698402D2A7C012A009586A7 /* PBXTargetDependency */,
			);
			name = AtYarisi2Tests;
			productName = AtYarisi2Tests;
			productReference = 3698402B2A7C012A009586A7 /* AtYarisi2Tests.xctest */;
			productType = "com.apple.product-type.bundle.unit-test";
		};
		369840342A7C012A009586A7 /* AtYarisi2UITests */ = {
			isa = PBXNativeTarget;
			buildConfigurationList = 369840452A7C012A009586A7 /* Build configuration list for PBXNativeTarget "AtYarisi2UITests" */;
			buildPhases = (
				369840312A7C012A009586A7 /* Sources */,
				369840322A7C012A009586A7 /* Frameworks */,
				369840332A7C012A009586A7 /* Resources */,
			);
			buildRules = (
			);
			dependencies = (
				369840372A7C012A009586A7 /* PBXTargetDependency */,
			);
			name = AtYarisi2UITests;
			productName = AtYarisi2UITests;
			productReference = 369840352A7C012A009586A7 /* AtYarisi2UITests.xctest */;
			productType = "com.apple.product-type.bundle.ui-testing";
		};
/* End PBXNativeTarget section */

/* Begin PBXProject section */
		369840132A7C0128009586A7 /* Project object */ = {
			isa = PBXProject;
			attributes = {
				BuildIndependentTargetsInParallel = 1;
				LastSwiftUpdateCheck = 1430;
				LastUpgradeCheck = 1430;
				TargetAttributes = {
					3698401A2A7C0128009586A7 = {
						CreatedOnToolsVersion = 14.3.1;
					};
					3698402A2A7C012A009586A7 = {
						CreatedOnToolsVersion = 14.3.1;
						TestTargetID = 3698401A2A7C0128009586A7;
					};
					369840342A7C012A009586A7 = {
						CreatedOnToolsVersion = 14.3.1;
						TestTargetID = 3698401A2A7C0128009586A7;
					};
				};
			};
			buildConfigurationList = 369840162A7C0128009586A7 /* Build configuration list for PBXProject "AtYarisi2" */;
			compatibilityVersion = "Xcode 14.0";
			developmentRegion = en;
			hasScannedForEncodings = 0;
			knownRegions = (
				en,
				Base,
			);
			mainGroup = 369840122A7C0128009586A7;
			productRefGroup = 3698401C2A7C0128009586A7 /* Products */;
			projectDirPath = "";
			projectRoot = "";
			targets = (
				3698401A2A7C0128009586A7 /* AtYarisi2 */,
				3698402A2A7C012A009586A7 /* AtYarisi2Tests */,
				369840342A7C012A009586A7 /* AtYarisi2UITests */,
			);
		};
/* End PBXProject section */

/* Begin PBXResourcesBuildPhase section */
		369840192A7C0128009586A7 /* Resources */ = {
			isa = PBXResourcesBuildPhase;
			buildActionMask = 2147483647;
			files = (
				369840262A7C012A009586A7 /* Preview Assets.xcassets in Resources */,
				369840232A7C012A009586A7 /* Assets.xcassets in Resources */,
			);
			runOnlyForDeploymentPostprocessing = 0;
		};
		369840292A7C012A009586A7 /* Resources */ = {
			isa = PBXResourcesBuildPhase;
			buildActionMask = 2147483647;
			files = (
			);
			runOnlyForDeploymentPostprocessing = 0;
		};
		369840332A7C012A009586A7 /* Resources */ = {
			isa = PBXResourcesBuildPhase;
			buildActionMask = 2147483647;
			files = (
			);
			runOnlyForDeploymentPostprocessing = 0;
		};
/* End PBXResourcesBuildPhase section */

/* Begin PBXSourcesBuildPhase section */
		369840172A7C0128009586A7 /* Sources */ = {
			isa = PBXSourcesBuildPhase;
			buildActionMask = 2147483647;
			files = (
				369840212A7C0128009586A7 /* ContentView.swift in Sources */,
				3698401F2A7C0128009586A7 /* AtYarisi2App.swift in Sources */,
			);
			runOnlyForDeploymentPostprocessing = 0;
		};
		369840272A7C012A009586A7 /* Sources */ = {
			isa = PBXSourcesBuildPhase;
			buildActionMask = 2147483647;
			files = (
				369840302A7C012A009586A7 /* AtYarisi2Tests.swift in Sources */,
			);
			runOnlyForDeploymentPostprocessing = 0;
		};
		369840312A7C012A009586A7 /* Sources */ = {
			isa = PBXSourcesBuildPhase;
			buildActionMask = 2147483647;
			files = (
				3698403A2A7C012A009586A7 /* AtYarisi2UITests.swift in Sources */,
				3698403C2A7C012A009586A7 /* AtYarisi2UITestsLaunchTests.swift in Sources */,
			);
			runOnlyForDeploymentPostprocessing = 0;
		};
/* End PBXSourcesBuildPhase section */

/* Begin PBXTargetDependency section */
		3698402D2A7C012A009586A7 /* PBXTargetDependency */ = {
			isa = PBXTargetDependency;
			target = 3698401A2A7C0128009586A7 /* AtYarisi2 */;
			targetProxy = 3698402C2A7C012A009586A7 /* PBXContainerItemProxy */;
		};
		369840372A7C012A009586A7 /* PBXTargetDependency */ = {
			isa = PBXTargetDependency;
			target = 3698401A2A7C0128009586A7 /* AtYarisi2 */;
			targetProxy = 369840362A7C012A009586A7 /* PBXContainerItemProxy */;
		};
/* End PBXTargetDependency section */

/* Begin XCBuildConfiguration section */
		3698403D2A7C012A009586A7 /* Debug */ = {
			isa = XCBuildConfiguration;
			buildSettings = {
				ALWAYS_SEARCH_USER_PATHS = NO;
				CLANG_ANALYZER_NONNULL = YES;
				CLANG_ANALYZER_NUMBER_OBJECT_CONVERSION = YES_AGGRESSIVE;
				CLANG_CXX_LANGUAGE_STANDARD = "gnu++20";
				CLANG_ENABLE_MODULES = YES;
				CLANG_ENABLE_OBJC_ARC = YES;
				CLANG_ENABLE_OBJC_WEAK = YES;
				CLANG_WARN_BLOCK_CAPTURE_AUTORELEASING = YES;
				CLANG_WARN_BOOL_CONVERSION = YES;
				CLANG_WARN_COMMA = YES;
				CLANG_WARN_CONSTANT_CONVERSION = YES;
				CLANG_WARN_DEPRECATED_OBJC_IMPLEMENTATIONS = YES;
				CLANG_WARN_DIRECT_OBJC_ISA_USAGE = YES_ERROR;
				CLANG_WARN_DOCUMENTATION_COMMENTS = YES;
				CLANG_WARN_EMPTY_BODY = YES;
				CLANG_WARN_ENUM_CONVERSION = YES;
				CLANG_WARN_INFINITE_RECURSION = YES;
				CLANG_WARN_INT_CONVERSION = YES;
				CLANG_WARN_NON_LITERAL_NULL_CONVERSION = YES;
				CLANG_WARN_OBJC_IMPLICIT_RETAIN_SELF = YES;
				CLANG_WARN_OBJC_LITERAL_CONVERSION = YES;
				CLANG_WARN_OBJC_ROOT_CLASS = YES_ERROR;
				CLANG_WARN_QUOTED_INCLUDE_IN_FRAMEWORK_HEADER = YES;
				CLANG_WARN_RANGE_LOOP_ANALYSIS = YES;
				CLANG_WARN_STRICT_PROTOTYPES = YES;
				CLANG_WARN_SUSPICIOUS_MOVE = YES;
				CLANG_WARN_UNGUARDED_AVAILABILITY = YES_AGGRESSIVE;
				CLANG_WARN_UNREACHABLE_CODE = YES;
				CLANG_WARN__DUPLICATE_METHOD_MATCH = YES;
				COPY_PHASE_STRIP = NO;
				DEBUG_INFORMATION_FORMAT = dwarf;
				ENABLE_STRICT_OBJC_MSGSEND = YES;
				ENABLE_TESTABILITY = YES;
				GCC_C_LANGUAGE_STANDARD = gnu11;
				GCC_DYNAMIC_NO_PIC = NO;
				GCC_NO_COMMON_BLOCKS = YES;
				GCC_OPTIMIZATION_LEVEL = 0;
				GCC_PREPROCESSOR_DEFINITIONS = (
					"DEBUG=1",
					"$(inherited)",
				);
				GCC_WARN_64_TO_32_BIT_CONVERSION = YES;
				GCC_WARN_ABOUT_RETURN_TYPE = YES_ERROR;
				GCC_WARN_UNDECLARED_SELECTOR = YES;
				GCC_WARN_UNINITIALIZED_AUTOS = YES_AGGRESSIVE;
				GCC_WARN_UNUSED_FUNCTION = YES;
				GCC_WARN_UNUSED_VARIABLE = YES;
				IPHONEOS_DEPLOYMENT_TARGET = 16.4;
				MTL_ENABLE_DEBUG_INFO = INCLUDE_SOURCE;
				MTL_FAST_MATH = YES;
				ONLY_ACTIVE_ARCH = YES;
				SDKROOT = iphoneos;
				SWIFT_ACTIVE_COMPILATION_CONDITIONS = DEBUG;
				SWIFT_OPTIMIZATION_LEVEL = "-Onone";
			};
			name = Debug;
		};
		3698403E2A7C012A009586A7 /* Release */ = {
			isa = XCBuildConfiguration;
			buildSettings = {
				ALWAYS_SEARCH_USER_PATHS = NO;
				CLANG_ANALYZER_NONNULL = YES;
				CLANG_ANALYZER_NUMBER_OBJECT_CONVERSION = YES_AGGRESSIVE;
				CLANG_CXX_LANGUAGE_STANDARD = "gnu++20";
				CLANG_ENABLE_MODULES = YES;
				CLANG_ENABLE_OBJC_ARC = YES;
				CLANG_ENABLE_OBJC_WEAK = YES;
				CLANG_WARN_BLOCK_CAPTURE_AUTORELEASING = YES;
				CLANG_WARN_BOOL_CONVERSION = YES;
				CLANG_WARN_COMMA = YES;
				CLANG_WARN_CONSTANT_CONVERSION = YES;
				CLANG_WARN_DEPRECATED_OBJC_IMPLEMENTATIONS = YES;
				CLANG_WARN_DIRECT_OBJC_ISA_USAGE = YES_ERROR;
				CLANG_WARN_DOCUMENTATION_COMMENTS = YES;
				CLANG_WARN_EMPTY_BODY = YES;
				CLANG_WARN_ENUM_CONVERSION = YES;
				CLANG_WARN_INFINITE_RECURSION = YES;
				CLANG_WARN_INT_CONVERSION = YES;
				CLANG_WARN_NON_LITERAL_NULL_CONVERSION = YES;
				CLANG_WARN_OBJC_IMPLICIT_RETAIN_SELF = YES;
				CLANG_WARN_OBJC_LITERAL_CONVERSION = YES;
				CLANG_WARN_OBJC_ROOT_CLASS = YES_ERROR;
				CLANG_WARN_QUOTED_INCLUDE_IN_FRAMEWORK_HEADER = YES;
				CLANG_WARN_RANGE_LOOP_ANALYSIS = YES;
				CLANG_WARN_STRICT_PROTOTYPES = YES;
				CLANG_WARN_SUSPICIOUS_MOVE = YES;
				CLANG_WARN_UNGUARDED_AVAILABILITY = YES_AGGRESSIVE;
				CLANG_WARN_UNREACHABLE_CODE = YES;
				CLANG_WARN__DUPLICATE_METHOD_MATCH = YES;
				COPY_PHASE_STRIP = NO;
				DEBUG_INFORMATION_FORMAT = "dwarf-with-dsym";
				ENABLE_NS_ASSERTIONS = NO;
				ENABLE_STRICT_OBJC_MSGSEND = YES;
				GCC_C_LANGUAGE_STANDARD = gnu11;
				GCC_NO_COMMON_BLOCKS = YES;
				GCC_WARN_64_TO_32_BIT_CONVERSION = YES;
				GCC_WARN_ABOUT_RETURN_TYPE = YES_ERROR;
				GCC_WARN_UNDECLARED_SELECTOR = YES;
				GCC_WARN_UNINITIALIZED_AUTOS = YES_AGGRESSIVE;
				GCC_WARN_UNUSED_FUNCTION = YES;
				GCC_WARN_UNUSED_VARIABLE = YES;
				IPHONEOS_DEPLOYMENT_TARGET = 16.4;
				MTL_ENABLE_DEBUG_INFO = NO;
				MTL_FAST_MATH = YES;
				SDKROOT = iphoneos;
				SWIFT_COMPILATION_MODE = wholemodule;
				SWIFT_OPTIMIZATION_LEVEL = "-O";
				VALIDATE_PRODUCT = YES;
			};
			name = Release;
		};
		369840402A7C012A009586A7 /* Debug */ = {
			isa = XCBuildConfiguration;
			buildSettings = {
				ASSETCATALOG_COMPILER_APPICON_NAME = AppIcon;
				ASSETCATALOG_COMPILER_GLOBAL_ACCENT_COLOR_NAME = AccentColor;
				CODE_SIGN_STYLE = Automatic;
				CURRENT_PROJECT_VERSION = 1;
				DEVELOPMENT_ASSET_PATHS = "\"AtYarisi2/Preview Content\"";
				DEVELOPMENT_TEAM = S5L3P52742;
				ENABLE_PREVIEWS = YES;
				GENERATE_INFOPLIST_FILE = YES;
				INFOPLIST_KEY_UIApplicationSceneManifest_Generation = YES;
				INFOPLIST_KEY_UIApplicationSupportsIndirectInputEvents = YES;
				INFOPLIST_KEY_UILaunchScreen_Generation = YES;
				INFOPLIST_KEY_UISupportedInterfaceOrientations_iPad = "UIInterfaceOrientationPortrait UIInterfaceOrientationPortraitUpsideDown UIInterfaceOrientationLandscapeLeft UIInterfaceOrientationLandscapeRight";
				INFOPLIST_KEY_UISupportedInterfaceOrientations_iPhone = "UIInterfaceOrientationPortrait UIInterfaceOrientationLandscapeLeft UIInterfaceOrientationLandscapeRight";
				LD_RUNPATH_SEARCH_PATHS = (
					"$(inherited)",
					"@executable_path/Frameworks",
				);
				MARKETING_VERSION = 1.0;
				PRODUCT_BUNDLE_IDENTIFIER = meme.AtYarisi2;
				PRODUCT_NAME = "$(TARGET_NAME)";
				SWIFT_EMIT_LOC_STRINGS = YES;
				SWIFT_VERSION = 5.0;
				TARGETED_DEVICE_FAMILY = "1,2";
			};
			name = Debug;
		};
		369840412A7C012A009586A7 /* Release */ = {
			isa = XCBuildConfiguration;
			buildSettings = {
				ASSETCATALOG_COMPILER_APPICON_NAME = AppIcon;
				ASSETCATALOG_COMPILER_GLOBAL_ACCENT_COLOR_NAME = AccentColor;
				CODE_SIGN_STYLE = Automatic;
				CURRENT_PROJECT_VERSION = 1;
				DEVELOPMENT_ASSET_PATHS = "\"AtYarisi2/Preview Content\"";
				DEVELOPMENT_TEAM = S5L3P52742;
				ENABLE_PREVIEWS = YES;
				GENERATE_INFOPLIST_FILE = YES;
				INFOPLIST_KEY_UIApplicationSceneManifest_Generation = YES;
				INFOPLIST_KEY_UIApplicationSupportsIndirectInputEvents = YES;
				INFOPLIST_KEY_UILaunchScreen_Generation = YES;
				INFOPLIST_KEY_UISupportedInterfaceOrientations_iPad = "UIInterfaceOrientationPortrait UIInterfaceOrientationPortraitUpsideDown UIInterfaceOrientationLandscapeLeft UIInterfaceOrientationLandscapeRight";
				INFOPLIST_KEY_UISupportedInterfaceOrientations_iPhone = "UIInterfaceOrientationPortrait UIInterfaceOrientationLandscapeLeft UIInterfaceOrientationLandscapeRight";
				LD_RUNPATH_SEARCH_PATHS = (
					"$(inherited)",
					"@executable_path/Frameworks",
				);
				MARKETING_VERSION = 1.0;
				PRODUCT_BUNDLE_IDENTIFIER = meme.AtYarisi2;
				PRODUCT_NAME = "$(TARGET_NAME)";
				SWIFT_EMIT_LOC_STRINGS = YES;
				SWIFT_VERSION = 5.0;
				TARGETED_DEVICE_FAMILY = "1,2";
			};
			name = Release;
		};
		369840432A7C012A009586A7 /* Debug */ = {
			isa = XCBuildConfiguration;
			buildSettings = {
				ALWAYS_EMBED_SWIFT_STANDARD_LIBRARIES = YES;
				BUNDLE_LOADER = "$(TEST_HOST)";
				CODE_SIGN_STYLE = Automatic;
				CURRENT_PROJECT_VERSION = 1;
				DEVELOPMENT_TEAM = S5L3P52742;
				GENERATE_INFOPLIST_FILE = YES;
				IPHONEOS_DEPLOYMENT_TARGET = 16.4;
				MARKETING_VERSION = 1.0;
				PRODUCT_BUNDLE_IDENTIFIER = meme.AtYarisi2Tests;
				PRODUCT_NAME = "$(TARGET_NAME)";
				SWIFT_EMIT_LOC_STRINGS = NO;
				SWIFT_VERSION = 5.0;
				TARGETED_DEVICE_FAMILY = "1,2";
				TEST_HOST = "$(BUILT_PRODUCTS_DIR)/AtYarisi2.app/$(BUNDLE_EXECUTABLE_FOLDER_PATH)/AtYarisi2";
			};
			name = Debug;
		};
		369840442A7C012A009586A7 /* Release */ = {
			isa = XCBuildConfiguration;
			buildSettings = {
				ALWAYS_EMBED_SWIFT_STANDARD_LIBRARIES = YES;
				BUNDLE_LOADER = "$(TEST_HOST)";
				CODE_SIGN_STYLE = Automatic;
				CURRENT_PROJECT_VERSION = 1;
				DEVELOPMENT_TEAM = S5L3P52742;
				GENERATE_INFOPLIST_FILE = YES;
				IPHONEOS_DEPLOYMENT_TARGET = 16.4;
				MARKETING_VERSION = 1.0;
				PRODUCT_BUNDLE_IDENTIFIER = meme.AtYarisi2Tests;
				PRODUCT_NAME = "$(TARGET_NAME)";
				SWIFT_EMIT_LOC_STRINGS = NO;
				SWIFT_VERSION = 5.0;
				TARGETED_DEVICE_FAMILY = "1,2";
				TEST_HOST = "$(BUILT_PRODUCTS_DIR)/AtYarisi2.app/$(BUNDLE_EXECUTABLE_FOLDER_PATH)/AtYarisi2";
			};
			name = Release;
		};
		369840462A7C012A009586A7 /* Debug */ = {
			isa = XCBuildConfiguration;
			buildSettings = {
				ALWAYS_EMBED_SWIFT_STANDARD_LIBRARIES = YES;
				CODE_SIGN_STYLE = Automatic;
				CURRENT_PROJECT_VERSION = 1;
				DEVELOPMENT_TEAM = S5L3P52742;
				GENERATE_INFOPLIST_FILE = YES;
				MARKETING_VERSION = 1.0;
				PRODUCT_BUNDLE_IDENTIFIER = meme.AtYarisi2UITests;
				PRODUCT_NAME = "$(TARGET_NAME)";
				SWIFT_EMIT_LOC_STRINGS = NO;
				SWIFT_VERSION = 5.0;
				TARGETED_DEVICE_FAMILY = "1,2";
				TEST_TARGET_NAME = AtYarisi2;
			};
			name = Debug;
		};
		369840472A7C012A009586A7 /* Release */ = {
			isa = XCBuildConfiguration;
			buildSettings = {
				ALWAYS_EMBED_SWIFT_STANDARD_LIBRARIES = YES;
				CODE_SIGN_STYLE = Automatic;
				CURRENT_PROJECT_VERSION = 1;
				DEVELOPMENT_TEAM = S5L3P52742;
				GENERATE_INFOPLIST_FILE = YES;
				MARKETING_VERSION = 1.0;
				PRODUCT_BUNDLE_IDENTIFIER = meme.AtYarisi2UITests;
				PRODUCT_NAME = "$(TARGET_NAME)";
				SWIFT_EMIT_LOC_STRINGS = NO;
				SWIFT_VERSION = 5.0;
				TARGETED_DEVICE_FAMILY = "1,2";
				TEST_TARGET_NAME = AtYarisi2;
			};
			name = Release;
		};
/* End XCBuildConfiguration section */

/* Begin XCConfigurationList section */
		369840162A7C0128009586A7 /* Build configuration list for PBXProject "AtYarisi2" */ = {
			isa = XCConfigurationList;
			buildConfigurations = (
				3698403D2A7C012A009586A7 /* Debug */,
				3698403E2A7C012A009586A7 /* Release */,
			);
			defaultConfigurationIsVisible = 0;
			defaultConfigurationName = Release;
		};
		3698403F2A7C012A009586A7 /* Build configuration list for PBXNativeTarget "AtYarisi2" */ = {
			isa = XCConfigurationList;
			buildConfigurations = (
				369840402A7C012A009586A7 /* Debug */,
				369840412A7C012A009586A7 /* Release */,
			);
			defaultConfigurationIsVisible = 0;
			defaultConfigurationName = Release;
		};
		369840422A7C012A009586A7 /* Build configuration list for PBXNativeTarget "AtYarisi2Tests" */ = {
			isa = XCConfigurationList;
			buildConfigurations = (
				369840432A7C012A009586A7 /* Debug */,
				369840442A7C012A009586A7 /* Release */,
			);
			defaultConfigurationIsVisible = 0;
			defaultConfigurationName = Release;
		};
		369840452A7C012A009586A7 /* Build configuration list for PBXNativeTarget "AtYarisi2UITests" */ = {
			isa = XCConfigurationList;
			buildConfigurations = (
				369840462A7C012A009586A7 /* Debug */,
				369840472A7C012A009586A7 /* Release */,
			);
			defaultConfigurationIsVisible = 0;
			defaultConfigurationName = Release;
		};
/* End XCConfigurationList section */
	};
	rootObject = 369840132A7C0128009586A7 /* Project object */;
}
